
Microsoft Visual Studio Solution File, Format Version 12.00
# Visual Studio Version 17
VisualStudioVersion = 17.5.33502.453
MinimumVisualStudioVersion = 10.0.40219.1
Project("{9A19103F-16F7-4668-BE54-9A1E7A4F7556}") = "KampIntro", "KampIntro\KampIntro.csproj", "{C2264774-5335-40EC-89D9-CCFD25262295}"
EndProject
Project("{9A19103F-16F7-4668-BE54-9A1E7A4F7556}") = "Donguler", "Donguler\Donguler.csproj", "{6B7226F6-41B2-4259-93CC-2B2718B47284}"
EndProject
Project("{9A19103F-16F7-4668-BE54-9A1E7A4F7556}") = "ClassIntro", "ClassIntro\ClassIntro.csproj", "{F2A21B24-2654-4F36-A99F-59B0AD083B5A}"
EndProject
Project("{9A19103F-16F7-4668-BE54-9A1E7A4F7556}") = "Metotlar", "Metotlar\Metotlar.csproj", "{2C262BB2-F449-4B05-8EF3-DF9517C0C811}"
EndProject
Project("{9A19103F-16F7-4668-BE54-9A1E7A4F7556}") = "Matematik", "Matematik\Matematik.csproj", "{46B041CA-8635-4DB1-85AA-297455E003A3}"
EndProject
Project("{FAE04EC0-301F-11D3-BF4B-00C04F79EFBC}") = "DegerveReferansTipler", "DegerveReferansTipler\DegerveReferansTipler.csproj", "{88AEB94D-4A3B-4910-BF22-1240140948AE}"
EndProject
Global
	GlobalSection(SolutionConfigurationPlatforms) = preSolution
		Debug|Any CPU = Debug|Any CPU
		Release|Any CPU = Release|Any CPU
	EndGlobalSection
	GlobalSection(ProjectConfigurationPlatforms) = postSolution
		{C2264774-5335-40EC-89D9-CCFD25262295}.Debug|Any CPU.ActiveCfg = Debug|Any CPU
		{C2264774-5335-40EC-89D9-CCFD25262295}.Debug|Any CPU.Build.0 = Debug|Any CPU
		{C2264774-5335-40EC-89D9-CCFD25262295}.Release|Any CPU.ActiveCfg = Release|Any CPU
		{C2264774-5335-40EC-89D9-CCFD25262295}.Release|Any CPU.Build.0 = Release|Any CPU
		{6B7226F6-41B2-4259-93CC-2B2718B47284}.Debug|Any CPU.ActiveCfg = Debug|Any CPU
		{6B7226F6-41B2-4259-93CC-2B2718B47284}.Debug|Any CPU.Build.0 = Debug|Any CPU
		{6B7226F6-41B2-4259-93CC-2B2718B47284}.Release|Any CPU.ActiveCfg = Release|Any CPU
		{6B7226F6-41B2-4259-93CC-2B2718B47284}.Release|Any CPU.Build.0 = Release|Any CPU
		{F2A21B24-2654-4F36-A99F-59B0AD083B5A}.Debug|Any CPU.ActiveCfg = Debug|Any CPU
		{F2A21B24-2654-4F36-A99F-59B0AD083B5A}.Debug|Any CPU.Build.0 = Debug|Any CPU
		{F2A21B24-2654-4F36-A99F-59B0AD083B5A}.Release|Any CPU.ActiveCfg = Release|Any CPU
		{F2A21B24-2654-4F36-A99F-59B0AD083B5A}.Release|Any CPU.Build.0 = Release|Any CPU
		{2C262BB2-F449-4B05-8EF3-DF9517C0C811}.Debug|Any CPU.ActiveCfg = Debug|Any CPU
		{2C262BB2-F449-4B05-8EF3-DF9517C0C811}.Debug|Any CPU.Build.0 = Debug|Any CPU
		{2C262BB2-F449-4B05-8EF3-DF9517C0C811}.Release|Any CPU.ActiveCfg = Release|Any CPU
		{2C262BB2-F449-4B05-8EF3-DF9517C0C811}.Release|Any CPU.Build.0 = Release|Any CPU
		{46B041CA-8635-4DB1-85AA-297455E003A3}.Debug|Any CPU.ActiveCfg = Debug|Any CPU
		{46B041CA-8635-4DB1-85AA-297455E003A3}.Debug|Any CPU.Build.0 = Debug|Any CPU
		{46B041CA-8635-4DB1-85AA-297455E003A3}.Release|Any CPU.ActiveCfg = Release|Any CPU
		{46B041CA-8635-4DB1-85AA-297455E003A3}.Release|Any CPU.Build.0 = Release|Any CPU
		{88AEB94D-4A3B-4910-BF22-1240140948AE}.Debug|Any CPU.ActiveCfg = Debug|Any CPU
		{88AEB94D-4A3B-4910-BF22-1240140948AE}.Debug|Any CPU.Build.0 = Debug|Any CPU
		{88AEB94D-4A3B-4910-BF22-1240140948AE}.Release|Any CPU.ActiveCfg = Release|Any CPU
		{88AEB94D-4A3B-4910-BF22-1240140948AE}.Release|Any CPU.Build.0 = Release|Any CPU
	EndGlobalSection
	GlobalSection(SolutionProperties) = preSolution
		HideSolutionNode = FALSE
	EndGlobalSection
	GlobalSection(ExtensibilityGlobals) = postSolution
		SolutionGuid = {95918624-BBA2-449E-9D72-8FAAD9944173}
	EndGlobalSection
EndGlobal
